
Microsoft Visual Studio Solution File, Format Version 12.00
# Visual Studio Version 17
VisualStudioVersion = 17.12.35527.113 d17.12
MinimumVisualStudioVersion = 10.0.40219.1
Project("{FAE04EC0-301F-11D3-BF4B-00C04F79EFBC}") = "Newsletter.API", "Newsletter.API\Newsletter.API.csproj", "{EF3423EF-FE2B-4A09-97BE-124DDD775FF5}"
EndProject
Project("{E53339B2-1760-4266-BCC7-CA923CBCF16C}") = "docker-compose", "docker-compose.dcproj", "{40225425-5804-40F1-B8C7-49C53FFEE716}"
EndProject
Global
	GlobalSection(SolutionConfigurationPlatforms) = preSolution
		Debug|Any CPU = Debug|Any CPU
		Release|Any CPU = Release|Any CPU
	EndGlobalSection
	GlobalSection(ProjectConfigurationPlatforms) = postSolution
		{EF3423EF-FE2B-4A09-97BE-124DDD775FF5}.Debug|Any CPU.ActiveCfg = Debug|Any CPU
		{EF3423EF-FE2B-4A09-97BE-124DDD775FF5}.Debug|Any CPU.Build.0 = Debug|Any CPU
		{EF3423EF-FE2B-4A09-97BE-124DDD775FF5}.Release|Any CPU.ActiveCfg = Release|Any CPU
		{EF3423EF-FE2B-4A09-97BE-124DDD775FF5}.Release|Any CPU.Build.0 = Release|Any CPU
		{40225425-5804-40F1-B8C7-49C53FFEE716}.Debug|Any CPU.ActiveCfg = Debug|Any CPU
		{40225425-5804-40F1-B8C7-49C53FFEE716}.Debug|Any CPU.Build.0 = Debug|Any CPU
		{40225425-5804-40F1-B8C7-49C53FFEE716}.Release|Any CPU.ActiveCfg = Release|Any CPU
		{40225425-5804-40F1-B8C7-49C53FFEE716}.Release|Any CPU.Build.0 = Release|Any CPU
	EndGlobalSection
	GlobalSection(SolutionProperties) = preSolution
		HideSolutionNode = FALSE
	EndGlobalSection
EndGlobal
